// !$*UTF8*$!
{
	archiveVersion = 1;
	classes = {
	};
	objectVersion = 52;
	objects = {

/* Begin PBXBuildFile section */
		C658C1BA250D59E600FC54D1 /* AppDelegate.swift in Sources */ = {isa = PBXBuildFile; fileRef = C658C1B9250D59E600FC54D1 /* AppDelegate.swift */; };
		C658C1BE250D59E600FC54D1 /* PokemonListViewController.swift in Sources */ = {isa = PBXBuildFile; fileRef = C658C1BD250D59E600FC54D1 /* PokemonListViewController.swift */; };
		C658C1C3250D59E700FC54D1 /* Assets.xcassets in Resources */ = {isa = PBXBuildFile; fileRef = C658C1C2250D59E700FC54D1 /* Assets.xcassets */; };
		C658C1C6250D59E700FC54D1 /* LaunchScreen.storyboard in Resources */ = {isa = PBXBuildFile; fileRef = C658C1C4250D59E700FC54D1 /* LaunchScreen.storyboard */; };
		C658C1D1250D59E700FC54D1 /* Pokedex_MatheusTests.swift in Sources */ = {isa = PBXBuildFile; fileRef = C658C1D0250D59E700FC54D1 /* Pokedex_MatheusTests.swift */; };
		C658C1DE250D6E4300FC54D1 /* PokemonListModels.swift in Sources */ = {isa = PBXBuildFile; fileRef = C658C1DD250D6E4300FC54D1 /* PokemonListModels.swift */; };
		C658C1E0250D719400FC54D1 /* PokemonListInteractor.swift in Sources */ = {isa = PBXBuildFile; fileRef = C658C1DF250D719400FC54D1 /* PokemonListInteractor.swift */; };
		C658C1E2250D723F00FC54D1 /* PokemonListPresenter.swift in Sources */ = {isa = PBXBuildFile; fileRef = C658C1E1250D723F00FC54D1 /* PokemonListPresenter.swift */; };
		C658C1E4250D734D00FC54D1 /* PokemonRouter.swift in Sources */ = {isa = PBXBuildFile; fileRef = C658C1E3250D734D00FC54D1 /* PokemonRouter.swift */; };
		C658C208250E73B400FC54D1 /* PokemonListViewCell.swift in Sources */ = {isa = PBXBuildFile; fileRef = C658C207250E73B400FC54D1 /* PokemonListViewCell.swift */; };
		C67361EF250ED877003BB122 /* Data.framework in Frameworks */ = {isa = PBXBuildFile; fileRef = C67361E6250ED877003BB122 /* Data.framework */; };
		C6736208250EDC04003BB122 /* PokeAPIRequest.swift in Sources */ = {isa = PBXBuildFile; fileRef = C658C202250E56CD00FC54D1 /* PokeAPIRequest.swift */; };
		C673620C250EDC04003BB122 /* RemoteFetchReferences.swift in Sources */ = {isa = PBXBuildFile; fileRef = C658C1F3250D7DD200FC54D1 /* RemoteFetchReferences.swift */; };
		C673620D250EDC04003BB122 /* FetchReferencesRequest.swift in Sources */ = {isa = PBXBuildFile; fileRef = C658C205250E58EE00FC54D1 /* FetchReferencesRequest.swift */; };
		C6736222250EE07E003BB122 /* Infra.framework in Frameworks */ = {isa = PBXBuildFile; fileRef = C6736219250EE07E003BB122 /* Infra.framework */; };
		C6736230250EE0DB003BB122 /* Data.framework in Frameworks */ = {isa = PBXBuildFile; fileRef = C67361E6250ED877003BB122 /* Data.framework */; };
		C6736231250EE0DB003BB122 /* Data.framework in Embed Frameworks */ = {isa = PBXBuildFile; fileRef = C67361E6250ED877003BB122 /* Data.framework */; settings = {ATTRIBUTES = (CodeSignOnCopy, RemoveHeadersOnCopy, ); }; };
		C6736236250EE27B003BB122 /* RequestObject.swift in Sources */ = {isa = PBXBuildFile; fileRef = C658C1F5250D81F700FC54D1 /* RequestObject.swift */; };
		C6736238250EE2BD003BB122 /* JSONParserError.swift in Sources */ = {isa = PBXBuildFile; fileRef = C658C1FB250D885B00FC54D1 /* JSONParserError.swift */; };
		C6736239250EE349003BB122 /* RequestObjectClient.swift in Sources */ = {isa = PBXBuildFile; fileRef = C658C1F9250D884400FC54D1 /* RequestObjectClient.swift */; };
		C673623A250EE349003BB122 /* ExtensionHelpers.swift in Sources */ = {isa = PBXBuildFile; fileRef = C658C1F7250D83C100FC54D1 /* ExtensionHelpers.swift */; };
		C673623E250EE4E7003BB122 /* SceneFactory.swift in Sources */ = {isa = PBXBuildFile; fileRef = C673623D250EE4E7003BB122 /* SceneFactory.swift */; };
		C673624D250EEFDF003BB122 /* Reference.swift in Sources */ = {isa = PBXBuildFile; fileRef = C658C1F1250D7C4E00FC54D1 /* Reference.swift */; };
		C673624E250EEFDF003BB122 /* ReferenceList.swift in Sources */ = {isa = PBXBuildFile; fileRef = C658C1EC250D7BF400FC54D1 /* ReferenceList.swift */; };
		C673624F250EEFDF003BB122 /* FetchReferences.swift in Sources */ = {isa = PBXBuildFile; fileRef = C658C1E8250D7AB900FC54D1 /* FetchReferences.swift */; };
		C6736250250EEFF4003BB122 /* Model.swift in Sources */ = {isa = PBXBuildFile; fileRef = C658C1EE250D7C0800FC54D1 /* Model.swift */; };
		C6736251250EF019003BB122 /* FetchError.swift in Sources */ = {isa = PBXBuildFile; fileRef = C658C200250E560500FC54D1 /* FetchError.swift */; };
		C6736254250EF1C7003BB122 /* Domain.framework in Frameworks */ = {isa = PBXBuildFile; fileRef = C6736245250EEEBD003BB122 /* Domain.framework */; };
		C6736255250EF1C7003BB122 /* Domain.framework in Embed Frameworks */ = {isa = PBXBuildFile; fileRef = C6736245250EEEBD003BB122 /* Domain.framework */; settings = {ATTRIBUTES = (CodeSignOnCopy, RemoveHeadersOnCopy, ); }; };
		C6736259250EF1EB003BB122 /* Data.framework in Frameworks */ = {isa = PBXBuildFile; fileRef = C67361E6250ED877003BB122 /* Data.framework */; };
		C673625A250EF1EB003BB122 /* Data.framework in Embed Frameworks */ = {isa = PBXBuildFile; fileRef = C67361E6250ED877003BB122 /* Data.framework */; settings = {ATTRIBUTES = (CodeSignOnCopy, RemoveHeadersOnCopy, ); }; };
		C673625D250EF1EB003BB122 /* Domain.framework in Frameworks */ = {isa = PBXBuildFile; fileRef = C6736245250EEEBD003BB122 /* Domain.framework */; };
		C673625E250EF1EB003BB122 /* Domain.framework in Embed Frameworks */ = {isa = PBXBuildFile; fileRef = C6736245250EEEBD003BB122 /* Domain.framework */; settings = {ATTRIBUTES = (CodeSignOnCopy, RemoveHeadersOnCopy, ); }; };
		C6736262250EF1F2003BB122 /* Infra.framework in Frameworks */ = {isa = PBXBuildFile; fileRef = C6736219250EE07E003BB122 /* Infra.framework */; };
		C6736263250EF1F2003BB122 /* Infra.framework in Embed Frameworks */ = {isa = PBXBuildFile; fileRef = C6736219250EE07E003BB122 /* Infra.framework */; settings = {ATTRIBUTES = (CodeSignOnCopy, RemoveHeadersOnCopy, ); }; };
		C6736267250EF4C9003BB122 /* TypeElement.swift in Sources */ = {isa = PBXBuildFile; fileRef = C6736266250EF4C9003BB122 /* TypeElement.swift */; };
		C6736269250EF51F003BB122 /* Stat.swift in Sources */ = {isa = PBXBuildFile; fileRef = C6736268250EF51F003BB122 /* Stat.swift */; };
		C673626B250EF58F003BB122 /* Sprites.swift in Sources */ = {isa = PBXBuildFile; fileRef = C673626A250EF58F003BB122 /* Sprites.swift */; };
		C673626D250EF5AF003BB122 /* Move.swift in Sources */ = {isa = PBXBuildFile; fileRef = C673626C250EF5AF003BB122 /* Move.swift */; };
		C673626F250EF5F1003BB122 /* Ability.swift in Sources */ = {isa = PBXBuildFile; fileRef = C673626E250EF5F1003BB122 /* Ability.swift */; };
		C6736271250EF613003BB122 /* Pokemon.swift in Sources */ = {isa = PBXBuildFile; fileRef = C6736270250EF613003BB122 /* Pokemon.swift */; };
		C6736273250EFB38003BB122 /* FetchAllPokemons.swift in Sources */ = {isa = PBXBuildFile; fileRef = C6736272250EFB38003BB122 /* FetchAllPokemons.swift */; };
		C6736276250EFBDC003BB122 /* RemoteFetchAllPokemons.swift in Sources */ = {isa = PBXBuildFile; fileRef = C6736275250EFBDC003BB122 /* RemoteFetchAllPokemons.swift */; };
		C67362872510076F003BB122 /* FetchPokemons.swift in Sources */ = {isa = PBXBuildFile; fileRef = C67362862510076F003BB122 /* FetchPokemons.swift */; };
		C6736289251007A3003BB122 /* RemoteFetchPokemons.swift in Sources */ = {isa = PBXBuildFile; fileRef = C6736288251007A3003BB122 /* RemoteFetchPokemons.swift */; };
		C673628C25100F8B003BB122 /* GameIndex.swift in Sources */ = {isa = PBXBuildFile; fileRef = C673628B25100F8B003BB122 /* GameIndex.swift */; };
		C673628E251013DA003BB122 /* ExtensionHelpers.swift in Sources */ = {isa = PBXBuildFile; fileRef = C673628D251013DA003BB122 /* ExtensionHelpers.swift */; };
		C6736290251029C5003BB122 /* HttpClient.swift in Sources */ = {isa = PBXBuildFile; fileRef = C673628F251029C5003BB122 /* HttpClient.swift */; };
		C673629325102B1C003BB122 /* HttpError.swift in Sources */ = {isa = PBXBuildFile; fileRef = C673629225102B1C003BB122 /* HttpError.swift */; };
		C673629625102EE5003BB122 /* URLSessionAdapter.swift in Sources */ = {isa = PBXBuildFile; fileRef = C673629525102EE5003BB122 /* URLSessionAdapter.swift */; };
		C673629825102FEB003BB122 /* URLSessionAdapterTests.swift in Sources */ = {isa = PBXBuildFile; fileRef = C673629725102FEB003BB122 /* URLSessionAdapterTests.swift */; };
		C673629A25103015003BB122 /* URLProtocolStub.swift in Sources */ = {isa = PBXBuildFile; fileRef = C673629925103015003BB122 /* URLProtocolStub.swift */; };
		C673629C25103030003BB122 /* RequestObserver.swift in Sources */ = {isa = PBXBuildFile; fileRef = C673629B25103030003BB122 /* RequestObserver.swift */; };
		C673629E25103089003BB122 /* TestFactories.swift in Sources */ = {isa = PBXBuildFile; fileRef = C673629D25103089003BB122 /* TestFactories.swift */; };
		C673629F25103092003BB122 /* TestFactories.swift in Sources */ = {isa = PBXBuildFile; fileRef = C673629D25103089003BB122 /* TestFactories.swift */; };
		C67362A1251030AC003BB122 /* TestExtensions.swift in Sources */ = {isa = PBXBuildFile; fileRef = C67362A0251030AC003BB122 /* TestExtensions.swift */; };
		C67362A2251030B1003BB122 /* TestExtensions.swift in Sources */ = {isa = PBXBuildFile; fileRef = C67362A0251030AC003BB122 /* TestExtensions.swift */; };
		C679BD69250E82220095EA89 /* Identifiable.swift in Sources */ = {isa = PBXBuildFile; fileRef = C679BD68250E82220095EA89 /* Identifiable.swift */; };
		C679BD6B250E827F0095EA89 /* PokemonListTableView.swift in Sources */ = {isa = PBXBuildFile; fileRef = C679BD6A250E827F0095EA89 /* PokemonListTableView.swift */; };
		C679BD77250E89E20095EA89 /* SnapKit in Frameworks */ = {isa = PBXBuildFile; productRef = C679BD76250E89E20095EA89 /* SnapKit */; };
		C6ECAA1825104E04008F561C /* SDWebImage in Frameworks */ = {isa = PBXBuildFile; productRef = C6ECAA1725104E04008F561C /* SDWebImage */; };
		C6ECAA1A25104E39008F561C /* SDWebImageAdapter.swift in Sources */ = {isa = PBXBuildFile; fileRef = C6ECAA1925104E39008F561C /* SDWebImageAdapter.swift */; };
/* End PBXBuildFile section */

/* Begin PBXContainerItemProxy section */
		C658C1CD250D59E700FC54D1 /* PBXContainerItemProxy */ = {
			isa = PBXContainerItemProxy;
			containerPortal = C658C1AE250D59E600FC54D1 /* Project object */;
			proxyType = 1;
			remoteGlobalIDString = C658C1B5250D59E600FC54D1;
			remoteInfo = Pokedex_Matheus;
		};
		C67361F0250ED877003BB122 /* PBXContainerItemProxy */ = {
			isa = PBXContainerItemProxy;
			containerPortal = C658C1AE250D59E600FC54D1 /* Project object */;
			proxyType = 1;
			remoteGlobalIDString = C67361E5250ED877003BB122;
			remoteInfo = Data;
		};
		C6736223250EE07E003BB122 /* PBXContainerItemProxy */ = {
			isa = PBXContainerItemProxy;
			containerPortal = C658C1AE250D59E600FC54D1 /* Project object */;
			proxyType = 1;
			remoteGlobalIDString = C6736218250EE07E003BB122;
			remoteInfo = Infra;
		};
		C6736232250EE0DB003BB122 /* PBXContainerItemProxy */ = {
			isa = PBXContainerItemProxy;
			containerPortal = C658C1AE250D59E600FC54D1 /* Project object */;
			proxyType = 1;
			remoteGlobalIDString = C67361E5250ED877003BB122;
			remoteInfo = Data;
		};
		C6736256250EF1C7003BB122 /* PBXContainerItemProxy */ = {
			isa = PBXContainerItemProxy;
			containerPortal = C658C1AE250D59E600FC54D1 /* Project object */;
			proxyType = 1;
			remoteGlobalIDString = C6736244250EEEBD003BB122;
			remoteInfo = Domain;
		};
		C673625B250EF1EB003BB122 /* PBXContainerItemProxy */ = {
			isa = PBXContainerItemProxy;
			containerPortal = C658C1AE250D59E600FC54D1 /* Project object */;
			proxyType = 1;
			remoteGlobalIDString = C67361E5250ED877003BB122;
			remoteInfo = Data;
		};
		C673625F250EF1EB003BB122 /* PBXContainerItemProxy */ = {
			isa = PBXContainerItemProxy;
			containerPortal = C658C1AE250D59E600FC54D1 /* Project object */;
			proxyType = 1;
			remoteGlobalIDString = C6736244250EEEBD003BB122;
			remoteInfo = Domain;
		};
		C6736264250EF1F2003BB122 /* PBXContainerItemProxy */ = {
			isa = PBXContainerItemProxy;
			containerPortal = C658C1AE250D59E600FC54D1 /* Project object */;
			proxyType = 1;
			remoteGlobalIDString = C6736218250EE07E003BB122;
			remoteInfo = Infra;
		};
/* End PBXContainerItemProxy section */

/* Begin PBXCopyFilesBuildPhase section */
		C6736234250EE0DB003BB122 /* Embed Frameworks */ = {
			isa = PBXCopyFilesBuildPhase;
			buildActionMask = 2147483647;
			dstPath = "";
			dstSubfolderSpec = 10;
			files = (
				C6736231250EE0DB003BB122 /* Data.framework in Embed Frameworks */,
			);
			name = "Embed Frameworks";
			runOnlyForDeploymentPostprocessing = 0;
		};
		C6736258250EF1C8003BB122 /* Embed Frameworks */ = {
			isa = PBXCopyFilesBuildPhase;
			buildActionMask = 2147483647;
			dstPath = "";
			dstSubfolderSpec = 10;
			files = (
				C6736255250EF1C7003BB122 /* Domain.framework in Embed Frameworks */,
			);
			name = "Embed Frameworks";
			runOnlyForDeploymentPostprocessing = 0;
		};
		C6736261250EF1EC003BB122 /* Embed Frameworks */ = {
			isa = PBXCopyFilesBuildPhase;
			buildActionMask = 2147483647;
			dstPath = "";
			dstSubfolderSpec = 10;
			files = (
				C673625E250EF1EB003BB122 /* Domain.framework in Embed Frameworks */,
				C673625A250EF1EB003BB122 /* Data.framework in Embed Frameworks */,
				C6736263250EF1F2003BB122 /* Infra.framework in Embed Frameworks */,
			);
			name = "Embed Frameworks";
			runOnlyForDeploymentPostprocessing = 0;
		};
/* End PBXCopyFilesBuildPhase section */

/* Begin PBXFileReference section */
		C658C1B6250D59E600FC54D1 /* Pokedex_Matheus.app */ = {isa = PBXFileReference; explicitFileType = wrapper.application; includeInIndex = 0; path = Pokedex_Matheus.app; sourceTree = BUILT_PRODUCTS_DIR; };
		C658C1B9250D59E600FC54D1 /* AppDelegate.swift */ = {isa = PBXFileReference; lastKnownFileType = sourcecode.swift; path = AppDelegate.swift; sourceTree = "<group>"; };
		C658C1BD250D59E600FC54D1 /* PokemonListViewController.swift */ = {isa = PBXFileReference; lastKnownFileType = sourcecode.swift; path = PokemonListViewController.swift; sourceTree = "<group>"; };
		C658C1C2250D59E700FC54D1 /* Assets.xcassets */ = {isa = PBXFileReference; lastKnownFileType = folder.assetcatalog; path = Assets.xcassets; sourceTree = "<group>"; };
		C658C1C5250D59E700FC54D1 /* Base */ = {isa = PBXFileReference; lastKnownFileType = file.storyboard; name = Base; path = Base.lproj/LaunchScreen.storyboard; sourceTree = "<group>"; };
		C658C1C7250D59E700FC54D1 /* Info.plist */ = {isa = PBXFileReference; lastKnownFileType = text.plist.xml; path = Info.plist; sourceTree = "<group>"; };
		C658C1CC250D59E700FC54D1 /* Pokedex_MatheusTests.xctest */ = {isa = PBXFileReference; explicitFileType = wrapper.cfbundle; includeInIndex = 0; path = Pokedex_MatheusTests.xctest; sourceTree = BUILT_PRODUCTS_DIR; };
		C658C1D0250D59E700FC54D1 /* Pokedex_MatheusTests.swift */ = {isa = PBXFileReference; lastKnownFileType = sourcecode.swift; path = Pokedex_MatheusTests.swift; sourceTree = "<group>"; };
		C658C1D2250D59E700FC54D1 /* Info.plist */ = {isa = PBXFileReference; lastKnownFileType = text.plist.xml; path = Info.plist; sourceTree = "<group>"; };
		C658C1DD250D6E4300FC54D1 /* PokemonListModels.swift */ = {isa = PBXFileReference; lastKnownFileType = sourcecode.swift; path = PokemonListModels.swift; sourceTree = "<group>"; };
		C658C1DF250D719400FC54D1 /* PokemonListInteractor.swift */ = {isa = PBXFileReference; lastKnownFileType = sourcecode.swift; path = PokemonListInteractor.swift; sourceTree = "<group>"; };
		C658C1E1250D723F00FC54D1 /* PokemonListPresenter.swift */ = {isa = PBXFileReference; lastKnownFileType = sourcecode.swift; path = PokemonListPresenter.swift; sourceTree = "<group>"; };
		C658C1E3250D734D00FC54D1 /* PokemonRouter.swift */ = {isa = PBXFileReference; lastKnownFileType = sourcecode.swift; path = PokemonRouter.swift; sourceTree = "<group>"; };
		C658C1E8250D7AB900FC54D1 /* FetchReferences.swift */ = {isa = PBXFileReference; lastKnownFileType = sourcecode.swift; path = FetchReferences.swift; sourceTree = "<group>"; };
		C658C1EC250D7BF400FC54D1 /* ReferenceList.swift */ = {isa = PBXFileReference; lastKnownFileType = sourcecode.swift; path = ReferenceList.swift; sourceTree = "<group>"; };
		C658C1EE250D7C0800FC54D1 /* Model.swift */ = {isa = PBXFileReference; lastKnownFileType = sourcecode.swift; path = Model.swift; sourceTree = "<group>"; };
		C658C1F1250D7C4E00FC54D1 /* Reference.swift */ = {isa = PBXFileReference; lastKnownFileType = sourcecode.swift; path = Reference.swift; sourceTree = "<group>"; };
		C658C1F3250D7DD200FC54D1 /* RemoteFetchReferences.swift */ = {isa = PBXFileReference; lastKnownFileType = sourcecode.swift; path = RemoteFetchReferences.swift; sourceTree = "<group>"; };
		C658C1F5250D81F700FC54D1 /* RequestObject.swift */ = {isa = PBXFileReference; lastKnownFileType = sourcecode.swift; path = RequestObject.swift; sourceTree = "<group>"; };
		C658C1F7250D83C100FC54D1 /* ExtensionHelpers.swift */ = {isa = PBXFileReference; lastKnownFileType = sourcecode.swift; path = ExtensionHelpers.swift; sourceTree = "<group>"; };
		C658C1F9250D884400FC54D1 /* RequestObjectClient.swift */ = {isa = PBXFileReference; lastKnownFileType = sourcecode.swift; path = RequestObjectClient.swift; sourceTree = "<group>"; };
		C658C1FB250D885B00FC54D1 /* JSONParserError.swift */ = {isa = PBXFileReference; lastKnownFileType = sourcecode.swift; path = JSONParserError.swift; sourceTree = "<group>"; };
		C658C200250E560500FC54D1 /* FetchError.swift */ = {isa = PBXFileReference; lastKnownFileType = sourcecode.swift; path = FetchError.swift; sourceTree = "<group>"; };
		C658C202250E56CD00FC54D1 /* PokeAPIRequest.swift */ = {isa = PBXFileReference; lastKnownFileType = sourcecode.swift; path = PokeAPIRequest.swift; sourceTree = "<group>"; };
		C658C205250E58EE00FC54D1 /* FetchReferencesRequest.swift */ = {isa = PBXFileReference; lastKnownFileType = sourcecode.swift; path = FetchReferencesRequest.swift; sourceTree = "<group>"; };
		C658C207250E73B400FC54D1 /* PokemonListViewCell.swift */ = {isa = PBXFileReference; lastKnownFileType = sourcecode.swift; path = PokemonListViewCell.swift; sourceTree = "<group>"; };
		C67361E6250ED877003BB122 /* Data.framework */ = {isa = PBXFileReference; explicitFileType = wrapper.framework; includeInIndex = 0; path = Data.framework; sourceTree = BUILT_PRODUCTS_DIR; };
		C67361E9250ED877003BB122 /* Info.plist */ = {isa = PBXFileReference; lastKnownFileType = text.plist.xml; path = Info.plist; sourceTree = "<group>"; };
		C67361EE250ED877003BB122 /* DataTests.xctest */ = {isa = PBXFileReference; explicitFileType = wrapper.cfbundle; includeInIndex = 0; path = DataTests.xctest; sourceTree = BUILT_PRODUCTS_DIR; };
		C67361F5250ED877003BB122 /* Info.plist */ = {isa = PBXFileReference; lastKnownFileType = text.plist.xml; path = Info.plist; sourceTree = "<group>"; };
		C6736219250EE07E003BB122 /* Infra.framework */ = {isa = PBXFileReference; explicitFileType = wrapper.framework; includeInIndex = 0; path = Infra.framework; sourceTree = BUILT_PRODUCTS_DIR; };
		C673621C250EE07E003BB122 /* Info.plist */ = {isa = PBXFileReference; lastKnownFileType = text.plist.xml; path = Info.plist; sourceTree = "<group>"; };
		C6736221250EE07E003BB122 /* InfraTests.xctest */ = {isa = PBXFileReference; explicitFileType = wrapper.cfbundle; includeInIndex = 0; path = InfraTests.xctest; sourceTree = BUILT_PRODUCTS_DIR; };
		C6736228250EE07E003BB122 /* Info.plist */ = {isa = PBXFileReference; lastKnownFileType = text.plist.xml; path = Info.plist; sourceTree = "<group>"; };
		C673623D250EE4E7003BB122 /* SceneFactory.swift */ = {isa = PBXFileReference; lastKnownFileType = sourcecode.swift; path = SceneFactory.swift; sourceTree = "<group>"; };
		C6736245250EEEBD003BB122 /* Domain.framework */ = {isa = PBXFileReference; explicitFileType = wrapper.framework; includeInIndex = 0; path = Domain.framework; sourceTree = BUILT_PRODUCTS_DIR; };
		C6736248250EEEBD003BB122 /* Info.plist */ = {isa = PBXFileReference; lastKnownFileType = text.plist.xml; path = Info.plist; sourceTree = "<group>"; };
		C6736266250EF4C9003BB122 /* TypeElement.swift */ = {isa = PBXFileReference; lastKnownFileType = sourcecode.swift; path = TypeElement.swift; sourceTree = "<group>"; };
		C6736268250EF51F003BB122 /* Stat.swift */ = {isa = PBXFileReference; lastKnownFileType = sourcecode.swift; path = Stat.swift; sourceTree = "<group>"; };
		C673626A250EF58F003BB122 /* Sprites.swift */ = {isa = PBXFileReference; lastKnownFileType = sourcecode.swift; path = Sprites.swift; sourceTree = "<group>"; };
		C673626C250EF5AF003BB122 /* Move.swift */ = {isa = PBXFileReference; lastKnownFileType = sourcecode.swift; path = Move.swift; sourceTree = "<group>"; };
		C673626E250EF5F1003BB122 /* Ability.swift */ = {isa = PBXFileReference; lastKnownFileType = sourcecode.swift; path = Ability.swift; sourceTree = "<group>"; };
		C6736270250EF613003BB122 /* Pokemon.swift */ = {isa = PBXFileReference; lastKnownFileType = sourcecode.swift; path = Pokemon.swift; sourceTree = "<group>"; };
		C6736272250EFB38003BB122 /* FetchAllPokemons.swift */ = {isa = PBXFileReference; lastKnownFileType = sourcecode.swift; path = FetchAllPokemons.swift; sourceTree = "<group>"; };
		C6736275250EFBDC003BB122 /* RemoteFetchAllPokemons.swift */ = {isa = PBXFileReference; lastKnownFileType = sourcecode.swift; path = RemoteFetchAllPokemons.swift; sourceTree = "<group>"; };
		C67362862510076F003BB122 /* FetchPokemons.swift */ = {isa = PBXFileReference; lastKnownFileType = sourcecode.swift; path = FetchPokemons.swift; sourceTree = "<group>"; };
		C6736288251007A3003BB122 /* RemoteFetchPokemons.swift */ = {isa = PBXFileReference; lastKnownFileType = sourcecode.swift; path = RemoteFetchPokemons.swift; sourceTree = "<group>"; };
		C673628B25100F8B003BB122 /* GameIndex.swift */ = {isa = PBXFileReference; lastKnownFileType = sourcecode.swift; path = GameIndex.swift; sourceTree = "<group>"; };
		C673628D251013DA003BB122 /* ExtensionHelpers.swift */ = {isa = PBXFileReference; lastKnownFileType = sourcecode.swift; path = ExtensionHelpers.swift; sourceTree = "<group>"; };
		C673628F251029C5003BB122 /* HttpClient.swift */ = {isa = PBXFileReference; lastKnownFileType = sourcecode.swift; path = HttpClient.swift; sourceTree = "<group>"; };
		C673629225102B1C003BB122 /* HttpError.swift */ = {isa = PBXFileReference; lastKnownFileType = sourcecode.swift; path = HttpError.swift; sourceTree = "<group>"; };
		C673629525102EE5003BB122 /* URLSessionAdapter.swift */ = {isa = PBXFileReference; lastKnownFileType = sourcecode.swift; path = URLSessionAdapter.swift; sourceTree = "<group>"; };
		C673629725102FEB003BB122 /* URLSessionAdapterTests.swift */ = {isa = PBXFileReference; lastKnownFileType = sourcecode.swift; path = URLSessionAdapterTests.swift; sourceTree = "<group>"; };
		C673629925103015003BB122 /* URLProtocolStub.swift */ = {isa = PBXFileReference; lastKnownFileType = sourcecode.swift; path = URLProtocolStub.swift; sourceTree = "<group>"; };
		C673629B25103030003BB122 /* RequestObserver.swift */ = {isa = PBXFileReference; lastKnownFileType = sourcecode.swift; path = RequestObserver.swift; sourceTree = "<group>"; };
		C673629D25103089003BB122 /* TestFactories.swift */ = {isa = PBXFileReference; lastKnownFileType = sourcecode.swift; path = TestFactories.swift; sourceTree = "<group>"; };
		C67362A0251030AC003BB122 /* TestExtensions.swift */ = {isa = PBXFileReference; lastKnownFileType = sourcecode.swift; path = TestExtensions.swift; sourceTree = "<group>"; };
		C679BD68250E82220095EA89 /* Identifiable.swift */ = {isa = PBXFileReference; lastKnownFileType = sourcecode.swift; path = Identifiable.swift; sourceTree = "<group>"; };
		C679BD6A250E827F0095EA89 /* PokemonListTableView.swift */ = {isa = PBXFileReference; lastKnownFileType = sourcecode.swift; path = PokemonListTableView.swift; sourceTree = "<group>"; };
		C6ECAA1925104E39008F561C /* SDWebImageAdapter.swift */ = {isa = PBXFileReference; lastKnownFileType = sourcecode.swift; path = SDWebImageAdapter.swift; sourceTree = "<group>"; };
/* End PBXFileReference section */

/* Begin PBXFrameworksBuildPhase section */
		C658C1B3250D59E600FC54D1 /* Frameworks */ = {
			isa = PBXFrameworksBuildPhase;
			buildActionMask = 2147483647;
			files = (
				C673625D250EF1EB003BB122 /* Domain.framework in Frameworks */,
				C6736259250EF1EB003BB122 /* Data.framework in Frameworks */,
				C679BD77250E89E20095EA89 /* SnapKit in Frameworks */,
				C6736262250EF1F2003BB122 /* Infra.framework in Frameworks */,
				C6ECAA1825104E04008F561C /* SDWebImage in Frameworks */,
			);
			runOnlyForDeploymentPostprocessing = 0;
		};
		C658C1C9250D59E700FC54D1 /* Frameworks */ = {
			isa = PBXFrameworksBuildPhase;
			buildActionMask = 2147483647;
			files = (
			);
			runOnlyForDeploymentPostprocessing = 0;
		};
		C67361E3250ED877003BB122 /* Frameworks */ = {
			isa = PBXFrameworksBuildPhase;
			buildActionMask = 2147483647;
			files = (
				C6736254250EF1C7003BB122 /* Domain.framework in Frameworks */,
			);
			runOnlyForDeploymentPostprocessing = 0;
		};
		C67361EB250ED877003BB122 /* Frameworks */ = {
			isa = PBXFrameworksBuildPhase;
			buildActionMask = 2147483647;
			files = (
				C67361EF250ED877003BB122 /* Data.framework in Frameworks */,
			);
			runOnlyForDeploymentPostprocessing = 0;
		};
		C6736216250EE07E003BB122 /* Frameworks */ = {
			isa = PBXFrameworksBuildPhase;
			buildActionMask = 2147483647;
			files = (
				C6736230250EE0DB003BB122 /* Data.framework in Frameworks */,
			);
			runOnlyForDeploymentPostprocessing = 0;
		};
		C673621E250EE07E003BB122 /* Frameworks */ = {
			isa = PBXFrameworksBuildPhase;
			buildActionMask = 2147483647;
			files = (
				C6736222250EE07E003BB122 /* Infra.framework in Frameworks */,
			);
			runOnlyForDeploymentPostprocessing = 0;
		};
		C6736242250EEEBD003BB122 /* Frameworks */ = {
			isa = PBXFrameworksBuildPhase;
			buildActionMask = 2147483647;
			files = (
			);
			runOnlyForDeploymentPostprocessing = 0;
		};
/* End PBXFrameworksBuildPhase section */

/* Begin PBXGroup section */
		C658C1AD250D59E600FC54D1 = {
			isa = PBXGroup;
			children = (
				C658C1B8250D59E600FC54D1 /* Pokedex_Matheus */,
				C658C1CF250D59E700FC54D1 /* Pokedex_MatheusTests */,
				C6736246250EEEBD003BB122 /* Domain */,
				C67361E7250ED877003BB122 /* Data */,
				C67361F2250ED877003BB122 /* DataTests */,
				C673621A250EE07E003BB122 /* Infra */,
				C6736225250EE07E003BB122 /* InfraTests */,
				C658C1B7250D59E600FC54D1 /* Products */,
				C67361FD250ED882003BB122 /* Frameworks */,
			);
			sourceTree = "<group>";
		};
		C658C1B7250D59E600FC54D1 /* Products */ = {
			isa = PBXGroup;
			children = (
				C658C1B6250D59E600FC54D1 /* Pokedex_Matheus.app */,
				C658C1CC250D59E700FC54D1 /* Pokedex_MatheusTests.xctest */,
				C67361E6250ED877003BB122 /* Data.framework */,
				C67361EE250ED877003BB122 /* DataTests.xctest */,
				C6736219250EE07E003BB122 /* Infra.framework */,
				C6736221250EE07E003BB122 /* InfraTests.xctest */,
				C6736245250EEEBD003BB122 /* Domain.framework */,
			);
			name = Products;
			sourceTree = "<group>";
		};
		C658C1B8250D59E600FC54D1 /* Pokedex_Matheus */ = {
			isa = PBXGroup;
			children = (
				C673623F250EEAFF003BB122 /* Essentials */,
				C679BD67250E82160095EA89 /* Helpers */,
				C658C1DB250D5D0000FC54D1 /* Scenes */,
				C673623D250EE4E7003BB122 /* SceneFactory.swift */,
			);
			path = Pokedex_Matheus;
			sourceTree = "<group>";
		};
		C658C1CF250D59E700FC54D1 /* Pokedex_MatheusTests */ = {
			isa = PBXGroup;
			children = (
				C658C1D0250D59E700FC54D1 /* Pokedex_MatheusTests.swift */,
				C658C1D2250D59E700FC54D1 /* Info.plist */,
			);
			path = Pokedex_MatheusTests;
			sourceTree = "<group>";
		};
		C658C1DB250D5D0000FC54D1 /* Scenes */ = {
			isa = PBXGroup;
			children = (
				C658C1DC250D5D1D00FC54D1 /* PokemonsList */,
			);
			path = Scenes;
			sourceTree = "<group>";
		};
		C658C1DC250D5D1D00FC54D1 /* PokemonsList */ = {
			isa = PBXGroup;
			children = (
				C658C1BD250D59E600FC54D1 /* PokemonListViewController.swift */,
				C658C1DF250D719400FC54D1 /* PokemonListInteractor.swift */,
				C658C1E1250D723F00FC54D1 /* PokemonListPresenter.swift */,
				C658C1DD250D6E4300FC54D1 /* PokemonListModels.swift */,
				C658C1E3250D734D00FC54D1 /* PokemonRouter.swift */,
				C658C209250E73B700FC54D1 /* Views */,
			);
			path = PokemonsList;
			sourceTree = "<group>";
		};
		C658C1EA250D7BBF00FC54D1 /* RemoteFetchReferences */ = {
			isa = PBXGroup;
			children = (
				C658C1F3250D7DD200FC54D1 /* RemoteFetchReferences.swift */,
				C658C205250E58EE00FC54D1 /* FetchReferencesRequest.swift */,
				C658C202250E56CD00FC54D1 /* PokeAPIRequest.swift */,
			);
			path = RemoteFetchReferences;
			sourceTree = "<group>";
		};
		C658C209250E73B700FC54D1 /* Views */ = {
			isa = PBXGroup;
			children = (
				C658C207250E73B400FC54D1 /* PokemonListViewCell.swift */,
				C679BD6A250E827F0095EA89 /* PokemonListTableView.swift */,
			);
			path = Views;
			sourceTree = "<group>";
		};
		C67361E7250ED877003BB122 /* Data */ = {
			isa = PBXGroup;
			children = (
				C673629125102AC3003BB122 /* Error */,
				C673623C250EE407003BB122 /* Http */,
				C673629425102E9B003BB122 /* Parser */,
				C673623B250EE3F9003BB122 /* UseCases */,
				C67361E9250ED877003BB122 /* Info.plist */,
			);
			path = Data;
			sourceTree = "<group>";
		};
		C67361F2250ED877003BB122 /* DataTests */ = {
			isa = PBXGroup;
			children = (
				C67362A3251030C2003BB122 /* Helpers */,
				C67361F5250ED877003BB122 /* Info.plist */,
			);
			path = DataTests;
			sourceTree = "<group>";
		};
		C67361FD250ED882003BB122 /* Frameworks */ = {
			isa = PBXGroup;
			children = (
			);
			name = Frameworks;
			sourceTree = "<group>";
		};
		C673621A250EE07E003BB122 /* Infra */ = {
			isa = PBXGroup;
			children = (
				C67362A525103129003BB122 /* Helpers */,
				C658C1F9250D884400FC54D1 /* RequestObjectClient.swift */,
				C673629525102EE5003BB122 /* URLSessionAdapter.swift */,
				C673621C250EE07E003BB122 /* Info.plist */,
			);
			path = Infra;
			sourceTree = "<group>";
		};
		C6736225250EE07E003BB122 /* InfraTests */ = {
			isa = PBXGroup;
			children = (
				C67362A625103179003BB122 /* Helpers */,
				C673629725102FEB003BB122 /* URLSessionAdapterTests.swift */,
				C6736228250EE07E003BB122 /* Info.plist */,
			);
			path = InfraTests;
			sourceTree = "<group>";
		};
		C673623B250EE3F9003BB122 /* UseCases */ = {
			isa = PBXGroup;
			children = (
				C673628A251007AA003BB122 /* RemoteFetchPokemons */,
				C6736274250EFBBE003BB122 /* RemoteFetchAllPokemons */,
				C658C1EA250D7BBF00FC54D1 /* RemoteFetchReferences */,
			);
			path = UseCases;
			sourceTree = "<group>";
		};
		C673623C250EE407003BB122 /* Http */ = {
			isa = PBXGroup;
			children = (
				C673628F251029C5003BB122 /* HttpClient.swift */,
			);
			path = Http;
			sourceTree = "<group>";
		};
		C673623F250EEAFF003BB122 /* Essentials */ = {
			isa = PBXGroup;
			children = (
				C658C1B9250D59E600FC54D1 /* AppDelegate.swift */,
				C658C1C7250D59E700FC54D1 /* Info.plist */,
				C658C1C2250D59E700FC54D1 /* Assets.xcassets */,
				C658C1C4250D59E700FC54D1 /* LaunchScreen.storyboard */,
			);
			path = Essentials;
			sourceTree = "<group>";
		};
		C6736246250EEEBD003BB122 /* Domain */ = {
			isa = PBXGroup;
			children = (
				C6736253250EF14C003BB122 /* UseCases */,
				C6736252250EF13D003BB122 /* Model */,
				C6736248250EEEBD003BB122 /* Info.plist */,
			);
			path = Domain;
			sourceTree = "<group>";
		};
		C6736252250EF13D003BB122 /* Model */ = {
			isa = PBXGroup;
			children = (
				C673626E250EF5F1003BB122 /* Ability.swift */,
				C658C200250E560500FC54D1 /* FetchError.swift */,
				C658C1EE250D7C0800FC54D1 /* Model.swift */,
				C673626C250EF5AF003BB122 /* Move.swift */,
				C6736270250EF613003BB122 /* Pokemon.swift */,
				C658C1F1250D7C4E00FC54D1 /* Reference.swift */,
				C658C1EC250D7BF400FC54D1 /* ReferenceList.swift */,
				C673626A250EF58F003BB122 /* Sprites.swift */,
				C6736268250EF51F003BB122 /* Stat.swift */,
				C6736266250EF4C9003BB122 /* TypeElement.swift */,
				C673628B25100F8B003BB122 /* GameIndex.swift */,
			);
			path = Model;
			sourceTree = "<group>";
		};
		C6736253250EF14C003BB122 /* UseCases */ = {
			isa = PBXGroup;
			children = (
				C658C1E8250D7AB900FC54D1 /* FetchReferences.swift */,
				C6736272250EFB38003BB122 /* FetchAllPokemons.swift */,
				C67362862510076F003BB122 /* FetchPokemons.swift */,
			);
			path = UseCases;
			sourceTree = "<group>";
		};
		C6736274250EFBBE003BB122 /* RemoteFetchAllPokemons */ = {
			isa = PBXGroup;
			children = (
				C6736275250EFBDC003BB122 /* RemoteFetchAllPokemons.swift */,
			);
			path = RemoteFetchAllPokemons;
			sourceTree = "<group>";
		};
		C673628A251007AA003BB122 /* RemoteFetchPokemons */ = {
			isa = PBXGroup;
			children = (
				C6736288251007A3003BB122 /* RemoteFetchPokemons.swift */,
			);
			path = RemoteFetchPokemons;
			sourceTree = "<group>";
		};
		C673629125102AC3003BB122 /* Error */ = {
			isa = PBXGroup;
			children = (
				C658C1FB250D885B00FC54D1 /* JSONParserError.swift */,
				C673629225102B1C003BB122 /* HttpError.swift */,
			);
			path = Error;
			sourceTree = "<group>";
		};
		C673629425102E9B003BB122 /* Parser */ = {
			isa = PBXGroup;
			children = (
				C658C1F5250D81F700FC54D1 /* RequestObject.swift */,
			);
			path = Parser;
			sourceTree = "<group>";
		};
		C67362A3251030C2003BB122 /* Helpers */ = {
			isa = PBXGroup;
			children = (
				C67362A0251030AC003BB122 /* TestExtensions.swift */,
				C673629D25103089003BB122 /* TestFactories.swift */,
			);
			path = Helpers;
			sourceTree = "<group>";
		};
		C67362A525103129003BB122 /* Helpers */ = {
			isa = PBXGroup;
			children = (
				C658C1F7250D83C100FC54D1 /* ExtensionHelpers.swift */,
			);
			path = Helpers;
			sourceTree = "<group>";
		};
		C67362A625103179003BB122 /* Helpers */ = {
			isa = PBXGroup;
			children = (
				C673629B25103030003BB122 /* RequestObserver.swift */,
				C673629925103015003BB122 /* URLProtocolStub.swift */,
			);
			path = Helpers;
			sourceTree = "<group>";
		};
		C679BD67250E82160095EA89 /* Helpers */ = {
			isa = PBXGroup;
			children = (
				C679BD68250E82220095EA89 /* Identifiable.swift */,
				C673628D251013DA003BB122 /* ExtensionHelpers.swift */,
				C6ECAA1925104E39008F561C /* SDWebImageAdapter.swift */,
			);
			path = Helpers;
			sourceTree = "<group>";
		};
/* End PBXGroup section */

/* Begin PBXHeadersBuildPhase section */
		C67361E1250ED877003BB122 /* Headers */ = {
			isa = PBXHeadersBuildPhase;
			buildActionMask = 2147483647;
			files = (
			);
			runOnlyForDeploymentPostprocessing = 0;
		};
		C6736214250EE07E003BB122 /* Headers */ = {
			isa = PBXHeadersBuildPhase;
			buildActionMask = 2147483647;
			files = (
			);
			runOnlyForDeploymentPostprocessing = 0;
		};
		C6736240250EEEBD003BB122 /* Headers */ = {
			isa = PBXHeadersBuildPhase;
			buildActionMask = 2147483647;
			files = (
			);
			runOnlyForDeploymentPostprocessing = 0;
		};
/* End PBXHeadersBuildPhase section */

/* Begin PBXNativeTarget section */
		C658C1B5250D59E600FC54D1 /* Pokedex_Matheus */ = {
			isa = PBXNativeTarget;
			buildConfigurationList = C658C1D5250D59E700FC54D1 /* Build configuration list for PBXNativeTarget "Pokedex_Matheus" */;
			buildPhases = (
				C658C1B2250D59E600FC54D1 /* Sources */,
				C658C1B3250D59E600FC54D1 /* Frameworks */,
				C658C1B4250D59E600FC54D1 /* Resources */,
				C6736261250EF1EC003BB122 /* Embed Frameworks */,
			);
			buildRules = (
			);
			dependencies = (
				C673625C250EF1EB003BB122 /* PBXTargetDependency */,
				C6736260250EF1EB003BB122 /* PBXTargetDependency */,
				C6736265250EF1F2003BB122 /* PBXTargetDependency */,
			);
			name = Pokedex_Matheus;
			packageProductDependencies = (
				C679BD76250E89E20095EA89 /* SnapKit */,
				C6ECAA1725104E04008F561C /* SDWebImage */,
			);
			productName = Pokedex_Matheus;
			productReference = C658C1B6250D59E600FC54D1 /* Pokedex_Matheus.app */;
			productType = "com.apple.product-type.application";
		};
		C658C1CB250D59E700FC54D1 /* Pokedex_MatheusTests */ = {
			isa = PBXNativeTarget;
			buildConfigurationList = C658C1D8250D59E700FC54D1 /* Build configuration list for PBXNativeTarget "Pokedex_MatheusTests" */;
			buildPhases = (
				C658C1C8250D59E700FC54D1 /* Sources */,
				C658C1C9250D59E700FC54D1 /* Frameworks */,
				C658C1CA250D59E700FC54D1 /* Resources */,
			);
			buildRules = (
			);
			dependencies = (
				C658C1CE250D59E700FC54D1 /* PBXTargetDependency */,
			);
			name = Pokedex_MatheusTests;
			productName = Pokedex_MatheusTests;
			productReference = C658C1CC250D59E700FC54D1 /* Pokedex_MatheusTests.xctest */;
			productType = "com.apple.product-type.bundle.unit-test";
		};
		C67361E5250ED877003BB122 /* Data */ = {
			isa = PBXNativeTarget;
			buildConfigurationList = C67361F7250ED877003BB122 /* Build configuration list for PBXNativeTarget "Data" */;
			buildPhases = (
				C67361E1250ED877003BB122 /* Headers */,
				C67361E2250ED877003BB122 /* Sources */,
				C67361E3250ED877003BB122 /* Frameworks */,
				C67361E4250ED877003BB122 /* Resources */,
				C6736258250EF1C8003BB122 /* Embed Frameworks */,
			);
			buildRules = (
			);
			dependencies = (
				C6736257250EF1C7003BB122 /* PBXTargetDependency */,
			);
			name = Data;
			productName = Data;
			productReference = C67361E6250ED877003BB122 /* Data.framework */;
			productType = "com.apple.product-type.framework";
		};
		C67361ED250ED877003BB122 /* DataTests */ = {
			isa = PBXNativeTarget;
			buildConfigurationList = C67361FA250ED877003BB122 /* Build configuration list for PBXNativeTarget "DataTests" */;
			buildPhases = (
				C67361EA250ED877003BB122 /* Sources */,
				C67361EB250ED877003BB122 /* Frameworks */,
				C67361EC250ED877003BB122 /* Resources */,
			);
			buildRules = (
			);
			dependencies = (
				C67361F1250ED877003BB122 /* PBXTargetDependency */,
			);
			name = DataTests;
			productName = DataTests;
			productReference = C67361EE250ED877003BB122 /* DataTests.xctest */;
			productType = "com.apple.product-type.bundle.unit-test";
		};
		C6736218250EE07E003BB122 /* Infra */ = {
			isa = PBXNativeTarget;
			buildConfigurationList = C673622A250EE07E003BB122 /* Build configuration list for PBXNativeTarget "Infra" */;
			buildPhases = (
				C6736214250EE07E003BB122 /* Headers */,
				C6736215250EE07E003BB122 /* Sources */,
				C6736216250EE07E003BB122 /* Frameworks */,
				C6736217250EE07E003BB122 /* Resources */,
				C6736234250EE0DB003BB122 /* Embed Frameworks */,
			);
			buildRules = (
			);
			dependencies = (
				C6736233250EE0DB003BB122 /* PBXTargetDependency */,
			);
			name = Infra;
			productName = Infra;
			productReference = C6736219250EE07E003BB122 /* Infra.framework */;
			productType = "com.apple.product-type.framework";
		};
		C6736220250EE07E003BB122 /* InfraTests */ = {
			isa = PBXNativeTarget;
			buildConfigurationList = C673622D250EE07E003BB122 /* Build configuration list for PBXNativeTarget "InfraTests" */;
			buildPhases = (
				C673621D250EE07E003BB122 /* Sources */,
				C673621E250EE07E003BB122 /* Frameworks */,
				C673621F250EE07E003BB122 /* Resources */,
			);
			buildRules = (
			);
			dependencies = (
				C6736224250EE07E003BB122 /* PBXTargetDependency */,
			);
			name = InfraTests;
			productName = InfraTests;
			productReference = C6736221250EE07E003BB122 /* InfraTests.xctest */;
			productType = "com.apple.product-type.bundle.unit-test";
		};
		C6736244250EEEBD003BB122 /* Domain */ = {
			isa = PBXNativeTarget;
			buildConfigurationList = C673624A250EEEBD003BB122 /* Build configuration list for PBXNativeTarget "Domain" */;
			buildPhases = (
				C6736240250EEEBD003BB122 /* Headers */,
				C6736241250EEEBD003BB122 /* Sources */,
				C6736242250EEEBD003BB122 /* Frameworks */,
				C6736243250EEEBD003BB122 /* Resources */,
			);
			buildRules = (
			);
			dependencies = (
			);
			name = Domain;
			productName = Domain;
			productReference = C6736245250EEEBD003BB122 /* Domain.framework */;
			productType = "com.apple.product-type.framework";
		};
/* End PBXNativeTarget section */

/* Begin PBXProject section */
		C658C1AE250D59E600FC54D1 /* Project object */ = {
			isa = PBXProject;
			attributes = {
				LastSwiftUpdateCheck = 1170;
				LastUpgradeCheck = 1150;
				ORGANIZATIONNAME = "Matheus Vasconcelos de Sousa";
				TargetAttributes = {
					C658C1B5250D59E600FC54D1 = {
						CreatedOnToolsVersion = 11.5;
					};
					C658C1CB250D59E700FC54D1 = {
						CreatedOnToolsVersion = 11.5;
						TestTargetID = C658C1B5250D59E600FC54D1;
					};
					C67361E5250ED877003BB122 = {
						CreatedOnToolsVersion = 11.7;
					};
					C67361ED250ED877003BB122 = {
						CreatedOnToolsVersion = 11.7;
					};
					C6736218250EE07E003BB122 = {
						CreatedOnToolsVersion = 11.7;
					};
					C6736220250EE07E003BB122 = {
						CreatedOnToolsVersion = 11.7;
					};
					C6736244250EEEBD003BB122 = {
						CreatedOnToolsVersion = 11.7;
					};
				};
			};
			buildConfigurationList = C658C1B1250D59E600FC54D1 /* Build configuration list for PBXProject "Pokedex_Matheus" */;
			compatibilityVersion = "Xcode 9.3";
			developmentRegion = en;
			hasScannedForEncodings = 0;
			knownRegions = (
				en,
				Base,
			);
			mainGroup = C658C1AD250D59E600FC54D1;
			packageReferences = (
				C679BD75250E89E20095EA89 /* XCRemoteSwiftPackageReference "SnapKit" */,
				C6ECAA1625104E04008F561C /* XCRemoteSwiftPackageReference "SDWebImage" */,
			);
			productRefGroup = C658C1B7250D59E600FC54D1 /* Products */;
			projectDirPath = "";
			projectRoot = "";
			targets = (
				C658C1B5250D59E600FC54D1 /* Pokedex_Matheus */,
				C658C1CB250D59E700FC54D1 /* Pokedex_MatheusTests */,
				C6736244250EEEBD003BB122 /* Domain */,
				C67361E5250ED877003BB122 /* Data */,
				C67361ED250ED877003BB122 /* DataTests */,
				C6736218250EE07E003BB122 /* Infra */,
				C6736220250EE07E003BB122 /* InfraTests */,
			);
		};
/* End PBXProject section */

/* Begin PBXResourcesBuildPhase section */
		C658C1B4250D59E600FC54D1 /* Resources */ = {
			isa = PBXResourcesBuildPhase;
			buildActionMask = 2147483647;
			files = (
				C658C1C6250D59E700FC54D1 /* LaunchScreen.storyboard in Resources */,
				C658C1C3250D59E700FC54D1 /* Assets.xcassets in Resources */,
			);
			runOnlyForDeploymentPostprocessing = 0;
		};
		C658C1CA250D59E700FC54D1 /* Resources */ = {
			isa = PBXResourcesBuildPhase;
			buildActionMask = 2147483647;
			files = (
			);
			runOnlyForDeploymentPostprocessing = 0;
		};
		C67361E4250ED877003BB122 /* Resources */ = {
			isa = PBXResourcesBuildPhase;
			buildActionMask = 2147483647;
			files = (
			);
			runOnlyForDeploymentPostprocessing = 0;
		};
		C67361EC250ED877003BB122 /* Resources */ = {
			isa = PBXResourcesBuildPhase;
			buildActionMask = 2147483647;
			files = (
			);
			runOnlyForDeploymentPostprocessing = 0;
		};
		C6736217250EE07E003BB122 /* Resources */ = {
			isa = PBXResourcesBuildPhase;
			buildActionMask = 2147483647;
			files = (
			);
			runOnlyForDeploymentPostprocessing = 0;
		};
		C673621F250EE07E003BB122 /* Resources */ = {
			isa = PBXResourcesBuildPhase;
			buildActionMask = 2147483647;
			files = (
			);
			runOnlyForDeploymentPostprocessing = 0;
		};
		C6736243250EEEBD003BB122 /* Resources */ = {
			isa = PBXResourcesBuildPhase;
			buildActionMask = 2147483647;
			files = (
			);
			runOnlyForDeploymentPostprocessing = 0;
		};
/* End PBXResourcesBuildPhase section */

/* Begin PBXSourcesBuildPhase section */
		C658C1B2250D59E600FC54D1 /* Sources */ = {
			isa = PBXSourcesBuildPhase;
			buildActionMask = 2147483647;
			files = (
				C658C1E4250D734D00FC54D1 /* PokemonRouter.swift in Sources */,
				C673628E251013DA003BB122 /* ExtensionHelpers.swift in Sources */,
				C673623E250EE4E7003BB122 /* SceneFactory.swift in Sources */,
				C679BD6B250E827F0095EA89 /* PokemonListTableView.swift in Sources */,
				C658C1BE250D59E600FC54D1 /* PokemonListViewController.swift in Sources */,
				C658C1BA250D59E600FC54D1 /* AppDelegate.swift in Sources */,
				C658C1E2250D723F00FC54D1 /* PokemonListPresenter.swift in Sources */,
				C6ECAA1A25104E39008F561C /* SDWebImageAdapter.swift in Sources */,
				C679BD69250E82220095EA89 /* Identifiable.swift in Sources */,
				C658C1E0250D719400FC54D1 /* PokemonListInteractor.swift in Sources */,
				C658C208250E73B400FC54D1 /* PokemonListViewCell.swift in Sources */,
				C658C1DE250D6E4300FC54D1 /* PokemonListModels.swift in Sources */,
			);
			runOnlyForDeploymentPostprocessing = 0;
		};
		C658C1C8250D59E700FC54D1 /* Sources */ = {
			isa = PBXSourcesBuildPhase;
			buildActionMask = 2147483647;
			files = (
				C658C1D1250D59E700FC54D1 /* Pokedex_MatheusTests.swift in Sources */,
			);
			runOnlyForDeploymentPostprocessing = 0;
		};
		C67361E2250ED877003BB122 /* Sources */ = {
			isa = PBXSourcesBuildPhase;
			buildActionMask = 2147483647;
			files = (
				C6736289251007A3003BB122 /* RemoteFetchPokemons.swift in Sources */,
				C673629325102B1C003BB122 /* HttpError.swift in Sources */,
				C6736208250EDC04003BB122 /* PokeAPIRequest.swift in Sources */,
				C6736290251029C5003BB122 /* HttpClient.swift in Sources */,
				C6736238250EE2BD003BB122 /* JSONParserError.swift in Sources */,
				C6736236250EE27B003BB122 /* RequestObject.swift in Sources */,
				C673620C250EDC04003BB122 /* RemoteFetchReferences.swift in Sources */,
				C6736276250EFBDC003BB122 /* RemoteFetchAllPokemons.swift in Sources */,
				C673620D250EDC04003BB122 /* FetchReferencesRequest.swift in Sources */,
			);
			runOnlyForDeploymentPostprocessing = 0;
		};
		C67361EA250ED877003BB122 /* Sources */ = {
			isa = PBXSourcesBuildPhase;
			buildActionMask = 2147483647;
			files = (
				C673629E25103089003BB122 /* TestFactories.swift in Sources */,
				C67362A1251030AC003BB122 /* TestExtensions.swift in Sources */,
			);
			runOnlyForDeploymentPostprocessing = 0;
		};
		C6736215250EE07E003BB122 /* Sources */ = {
			isa = PBXSourcesBuildPhase;
			buildActionMask = 2147483647;
			files = (
				C673629625102EE5003BB122 /* URLSessionAdapter.swift in Sources */,
				C6736239250EE349003BB122 /* RequestObjectClient.swift in Sources */,
				C673623A250EE349003BB122 /* ExtensionHelpers.swift in Sources */,
			);
			runOnlyForDeploymentPostprocessing = 0;
		};
		C673621D250EE07E003BB122 /* Sources */ = {
			isa = PBXSourcesBuildPhase;
			buildActionMask = 2147483647;
			files = (
				C673629825102FEB003BB122 /* URLSessionAdapterTests.swift in Sources */,
				C67362A2251030B1003BB122 /* TestExtensions.swift in Sources */,
				C673629C25103030003BB122 /* RequestObserver.swift in Sources */,
				C673629F25103092003BB122 /* TestFactories.swift in Sources */,
				C673629A25103015003BB122 /* URLProtocolStub.swift in Sources */,
			);
			runOnlyForDeploymentPostprocessing = 0;
		};
		C6736241250EEEBD003BB122 /* Sources */ = {
			isa = PBXSourcesBuildPhase;
			buildActionMask = 2147483647;
			files = (
				C6736273250EFB38003BB122 /* FetchAllPokemons.swift in Sources */,
				C673624D250EEFDF003BB122 /* Reference.swift in Sources */,
				C673626D250EF5AF003BB122 /* Move.swift in Sources */,
				C673624E250EEFDF003BB122 /* ReferenceList.swift in Sources */,
				C673626B250EF58F003BB122 /* Sprites.swift in Sources */,
				C673624F250EEFDF003BB122 /* FetchReferences.swift in Sources */,
				C6736251250EF019003BB122 /* FetchError.swift in Sources */,
				C67362872510076F003BB122 /* FetchPokemons.swift in Sources */,
				C6736271250EF613003BB122 /* Pokemon.swift in Sources */,
				C673626F250EF5F1003BB122 /* Ability.swift in Sources */,
				C673628C25100F8B003BB122 /* GameIndex.swift in Sources */,
				C6736269250EF51F003BB122 /* Stat.swift in Sources */,
				C6736250250EEFF4003BB122 /* Model.swift in Sources */,
				C6736267250EF4C9003BB122 /* TypeElement.swift in Sources */,
			);
			runOnlyForDeploymentPostprocessing = 0;
		};
/* End PBXSourcesBuildPhase section */

/* Begin PBXTargetDependency section */
		C658C1CE250D59E700FC54D1 /* PBXTargetDependency */ = {
			isa = PBXTargetDependency;
			target = C658C1B5250D59E600FC54D1 /* Pokedex_Matheus */;
			targetProxy = C658C1CD250D59E700FC54D1 /* PBXContainerItemProxy */;
		};
		C67361F1250ED877003BB122 /* PBXTargetDependency */ = {
			isa = PBXTargetDependency;
			target = C67361E5250ED877003BB122 /* Data */;
			targetProxy = C67361F0250ED877003BB122 /* PBXContainerItemProxy */;
		};
		C6736224250EE07E003BB122 /* PBXTargetDependency */ = {
			isa = PBXTargetDependency;
			target = C6736218250EE07E003BB122 /* Infra */;
			targetProxy = C6736223250EE07E003BB122 /* PBXContainerItemProxy */;
		};
		C6736233250EE0DB003BB122 /* PBXTargetDependency */ = {
			isa = PBXTargetDependency;
			target = C67361E5250ED877003BB122 /* Data */;
			targetProxy = C6736232250EE0DB003BB122 /* PBXContainerItemProxy */;
		};
		C6736257250EF1C7003BB122 /* PBXTargetDependency */ = {
			isa = PBXTargetDependency;
			target = C6736244250EEEBD003BB122 /* Domain */;
			targetProxy = C6736256250EF1C7003BB122 /* PBXContainerItemProxy */;
		};
		C673625C250EF1EB003BB122 /* PBXTargetDependency */ = {
			isa = PBXTargetDependency;
			target = C67361E5250ED877003BB122 /* Data */;
			targetProxy = C673625B250EF1EB003BB122 /* PBXContainerItemProxy */;
		};
		C6736260250EF1EB003BB122 /* PBXTargetDependency */ = {
			isa = PBXTargetDependency;
			target = C6736244250EEEBD003BB122 /* Domain */;
			targetProxy = C673625F250EF1EB003BB122 /* PBXContainerItemProxy */;
		};
		C6736265250EF1F2003BB122 /* PBXTargetDependency */ = {
			isa = PBXTargetDependency;
			target = C6736218250EE07E003BB122 /* Infra */;
			targetProxy = C6736264250EF1F2003BB122 /* PBXContainerItemProxy */;
		};
/* End PBXTargetDependency section */

/* Begin PBXVariantGroup section */
		C658C1C4250D59E700FC54D1 /* LaunchScreen.storyboard */ = {
			isa = PBXVariantGroup;
			children = (
				C658C1C5250D59E700FC54D1 /* Base */,
			);
			name = LaunchScreen.storyboard;
			sourceTree = "<group>";
		};
/* End PBXVariantGroup section */

/* Begin XCBuildConfiguration section */
		C658C1D3250D59E700FC54D1 /* Debug */ = {
			isa = XCBuildConfiguration;
			buildSettings = {
				ALWAYS_SEARCH_USER_PATHS = NO;
				CLANG_ANALYZER_NONNULL = YES;
				CLANG_ANALYZER_NUMBER_OBJECT_CONVERSION = YES_AGGRESSIVE;
				CLANG_CXX_LANGUAGE_STANDARD = "gnu++14";
				CLANG_CXX_LIBRARY = "libc++";
				CLANG_ENABLE_MODULES = YES;
				CLANG_ENABLE_OBJC_ARC = YES;
				CLANG_ENABLE_OBJC_WEAK = YES;
				CLANG_WARN_BLOCK_CAPTURE_AUTORELEASING = YES;
				CLANG_WARN_BOOL_CONVERSION = YES;
				CLANG_WARN_COMMA = YES;
				CLANG_WARN_CONSTANT_CONVERSION = YES;
				CLANG_WARN_DEPRECATED_OBJC_IMPLEMENTATIONS = YES;
				CLANG_WARN_DIRECT_OBJC_ISA_USAGE = YES_ERROR;
				CLANG_WARN_DOCUMENTATION_COMMENTS = YES;
				CLANG_WARN_EMPTY_BODY = YES;
				CLANG_WARN_ENUM_CONVERSION = YES;
				CLANG_WARN_INFINITE_RECURSION = YES;
				CLANG_WARN_INT_CONVERSION = YES;
				CLANG_WARN_NON_LITERAL_NULL_CONVERSION = YES;
				CLANG_WARN_OBJC_IMPLICIT_RETAIN_SELF = YES;
				CLANG_WARN_OBJC_LITERAL_CONVERSION = YES;
				CLANG_WARN_OBJC_ROOT_CLASS = YES_ERROR;
				CLANG_WARN_RANGE_LOOP_ANALYSIS = YES;
				CLANG_WARN_STRICT_PROTOTYPES = YES;
				CLANG_WARN_SUSPICIOUS_MOVE = YES;
				CLANG_WARN_UNGUARDED_AVAILABILITY = YES_AGGRESSIVE;
				CLANG_WARN_UNREACHABLE_CODE = YES;
				CLANG_WARN__DUPLICATE_METHOD_MATCH = YES;
				COPY_PHASE_STRIP = NO;
				DEBUG_INFORMATION_FORMAT = dwarf;
				ENABLE_STRICT_OBJC_MSGSEND = YES;
				ENABLE_TESTABILITY = YES;
				GCC_C_LANGUAGE_STANDARD = gnu11;
				GCC_DYNAMIC_NO_PIC = NO;
				GCC_NO_COMMON_BLOCKS = YES;
				GCC_OPTIMIZATION_LEVEL = 0;
				GCC_PREPROCESSOR_DEFINITIONS = (
					"DEBUG=1",
					"$(inherited)",
				);
				GCC_WARN_64_TO_32_BIT_CONVERSION = YES;
				GCC_WARN_ABOUT_RETURN_TYPE = YES_ERROR;
				GCC_WARN_UNDECLARED_SELECTOR = YES;
				GCC_WARN_UNINITIALIZED_AUTOS = YES_AGGRESSIVE;
				GCC_WARN_UNUSED_FUNCTION = YES;
				GCC_WARN_UNUSED_VARIABLE = YES;
				IPHONEOS_DEPLOYMENT_TARGET = 13.5;
				MTL_ENABLE_DEBUG_INFO = INCLUDE_SOURCE;
				MTL_FAST_MATH = YES;
				ONLY_ACTIVE_ARCH = YES;
				SDKROOT = iphoneos;
				SWIFT_ACTIVE_COMPILATION_CONDITIONS = DEBUG;
				SWIFT_OPTIMIZATION_LEVEL = "-Onone";
			};
			name = Debug;
		};
		C658C1D4250D59E700FC54D1 /* Release */ = {
			isa = XCBuildConfiguration;
			buildSettings = {
				ALWAYS_SEARCH_USER_PATHS = NO;
				CLANG_ANALYZER_NONNULL = YES;
				CLANG_ANALYZER_NUMBER_OBJECT_CONVERSION = YES_AGGRESSIVE;
				CLANG_CXX_LANGUAGE_STANDARD = "gnu++14";
				CLANG_CXX_LIBRARY = "libc++";
				CLANG_ENABLE_MODULES = YES;
				CLANG_ENABLE_OBJC_ARC = YES;
				CLANG_ENABLE_OBJC_WEAK = YES;
				CLANG_WARN_BLOCK_CAPTURE_AUTORELEASING = YES;
				CLANG_WARN_BOOL_CONVERSION = YES;
				CLANG_WARN_COMMA = YES;
				CLANG_WARN_CONSTANT_CONVERSION = YES;
				CLANG_WARN_DEPRECATED_OBJC_IMPLEMENTATIONS = YES;
				CLANG_WARN_DIRECT_OBJC_ISA_USAGE = YES_ERROR;
				CLANG_WARN_DOCUMENTATION_COMMENTS = YES;
				CLANG_WARN_EMPTY_BODY = YES;
				CLANG_WARN_ENUM_CONVERSION = YES;
				CLANG_WARN_INFINITE_RECURSION = YES;
				CLANG_WARN_INT_CONVERSION = YES;
				CLANG_WARN_NON_LITERAL_NULL_CONVERSION = YES;
				CLANG_WARN_OBJC_IMPLICIT_RETAIN_SELF = YES;
				CLANG_WARN_OBJC_LITERAL_CONVERSION = YES;
				CLANG_WARN_OBJC_ROOT_CLASS = YES_ERROR;
				CLANG_WARN_RANGE_LOOP_ANALYSIS = YES;
				CLANG_WARN_STRICT_PROTOTYPES = YES;
				CLANG_WARN_SUSPICIOUS_MOVE = YES;
				CLANG_WARN_UNGUARDED_AVAILABILITY = YES_AGGRESSIVE;
				CLANG_WARN_UNREACHABLE_CODE = YES;
				CLANG_WARN__DUPLICATE_METHOD_MATCH = YES;
				COPY_PHASE_STRIP = NO;
				DEBUG_INFORMATION_FORMAT = "dwarf-with-dsym";
				ENABLE_NS_ASSERTIONS = NO;
				ENABLE_STRICT_OBJC_MSGSEND = YES;
				GCC_C_LANGUAGE_STANDARD = gnu11;
				GCC_NO_COMMON_BLOCKS = YES;
				GCC_WARN_64_TO_32_BIT_CONVERSION = YES;
				GCC_WARN_ABOUT_RETURN_TYPE = YES_ERROR;
				GCC_WARN_UNDECLARED_SELECTOR = YES;
				GCC_WARN_UNINITIALIZED_AUTOS = YES_AGGRESSIVE;
				GCC_WARN_UNUSED_FUNCTION = YES;
				GCC_WARN_UNUSED_VARIABLE = YES;
				IPHONEOS_DEPLOYMENT_TARGET = 13.5;
				MTL_ENABLE_DEBUG_INFO = NO;
				MTL_FAST_MATH = YES;
				SDKROOT = iphoneos;
				SWIFT_COMPILATION_MODE = wholemodule;
				SWIFT_OPTIMIZATION_LEVEL = "-O";
				VALIDATE_PRODUCT = YES;
			};
			name = Release;
		};
		C658C1D6250D59E700FC54D1 /* Debug */ = {
			isa = XCBuildConfiguration;
			buildSettings = {
				ASSETCATALOG_COMPILER_APPICON_NAME = AppIcon;
				CODE_SIGN_STYLE = Automatic;
				INFOPLIST_FILE = Pokedex_Matheus/Essentials/Info.plist;
				IPHONEOS_DEPLOYMENT_TARGET = 9.3;
				LD_RUNPATH_SEARCH_PATHS = (
					"$(inherited)",
					"@executable_path/Frameworks",
				);
				PRODUCT_BUNDLE_IDENTIFIER = "com.mithdev.Pokedex-Matheus";
				PRODUCT_NAME = "$(TARGET_NAME)";
				SWIFT_VERSION = 5.0;
				TARGETED_DEVICE_FAMILY = "1,2";
			};
			name = Debug;
		};
		C658C1D7250D59E700FC54D1 /* Release */ = {
			isa = XCBuildConfiguration;
			buildSettings = {
				ASSETCATALOG_COMPILER_APPICON_NAME = AppIcon;
				CODE_SIGN_STYLE = Automatic;
				INFOPLIST_FILE = Pokedex_Matheus/Essentials/Info.plist;
				IPHONEOS_DEPLOYMENT_TARGET = 9.3;
				LD_RUNPATH_SEARCH_PATHS = (
					"$(inherited)",
					"@executable_path/Frameworks",
				);
				PRODUCT_BUNDLE_IDENTIFIER = "com.mithdev.Pokedex-Matheus";
				PRODUCT_NAME = "$(TARGET_NAME)";
				SWIFT_VERSION = 5.0;
				TARGETED_DEVICE_FAMILY = "1,2";
			};
			name = Release;
		};
		C658C1D9250D59E700FC54D1 /* Debug */ = {
			isa = XCBuildConfiguration;
			buildSettings = {
				ALWAYS_EMBED_SWIFT_STANDARD_LIBRARIES = YES;
				BUNDLE_LOADER = "$(TEST_HOST)";
				"CODE_SIGN_IDENTITY[sdk=macosx*]" = "-";
				CODE_SIGN_STYLE = Automatic;
				INFOPLIST_FILE = Pokedex_MatheusTests/Info.plist;
				IPHONEOS_DEPLOYMENT_TARGET = 13.5;
				LD_RUNPATH_SEARCH_PATHS = (
					"$(inherited)",
					"@executable_path/Frameworks",
					"@loader_path/Frameworks",
				);
				PRODUCT_BUNDLE_IDENTIFIER = "com.mithdev.Pokedex-MatheusTests";
				PRODUCT_NAME = "$(TARGET_NAME)";
				SWIFT_VERSION = 5.0;
				TARGETED_DEVICE_FAMILY = "1,2";
				TEST_HOST = "$(BUILT_PRODUCTS_DIR)/Pokedex_Matheus.app/Pokedex_Matheus";
			};
			name = Debug;
		};
		C658C1DA250D59E700FC54D1 /* Release */ = {
			isa = XCBuildConfiguration;
			buildSettings = {
				ALWAYS_EMBED_SWIFT_STANDARD_LIBRARIES = YES;
				BUNDLE_LOADER = "$(TEST_HOST)";
				"CODE_SIGN_IDENTITY[sdk=macosx*]" = "-";
				CODE_SIGN_STYLE = Automatic;
				INFOPLIST_FILE = Pokedex_MatheusTests/Info.plist;
				IPHONEOS_DEPLOYMENT_TARGET = 13.5;
				LD_RUNPATH_SEARCH_PATHS = (
					"$(inherited)",
					"@executable_path/Frameworks",
					"@loader_path/Frameworks",
				);
				PRODUCT_BUNDLE_IDENTIFIER = "com.mithdev.Pokedex-MatheusTests";
				PRODUCT_NAME = "$(TARGET_NAME)";
				SWIFT_VERSION = 5.0;
				TARGETED_DEVICE_FAMILY = "1,2";
				TEST_HOST = "$(BUILT_PRODUCTS_DIR)/Pokedex_Matheus.app/Pokedex_Matheus";
			};
			name = Release;
		};
		C67361F8250ED877003BB122 /* Debug */ = {
			isa = XCBuildConfiguration;
			buildSettings = {
				CODE_SIGN_STYLE = Automatic;
				COMBINE_HIDPI_IMAGES = YES;
				CURRENT_PROJECT_VERSION = 1;
				DEFINES_MODULE = YES;
				DYLIB_COMPATIBILITY_VERSION = 1;
				DYLIB_CURRENT_VERSION = 1;
				DYLIB_INSTALL_NAME_BASE = "@rpath";
				INFOPLIST_FILE = Data/Info.plist;
				INSTALL_PATH = "$(LOCAL_LIBRARY_DIR)/Frameworks";
				IPHONEOS_DEPLOYMENT_TARGET = 9.3;
				LD_RUNPATH_SEARCH_PATHS = (
					"$(inherited)",
					"@executable_path/../Frameworks",
					"@loader_path/Frameworks",
				);
				MACOSX_DEPLOYMENT_TARGET = 10.15;
				PRODUCT_BUNDLE_IDENTIFIER = com.mithdev.Data;
				PRODUCT_NAME = "$(TARGET_NAME:c99extidentifier)";
				SDKROOT = iphoneos;
				SKIP_INSTALL = YES;
				SWIFT_VERSION = 5.0;
				TARGETED_DEVICE_FAMILY = "1,2";
				VERSIONING_SYSTEM = "apple-generic";
				VERSION_INFO_PREFIX = "";
			};
			name = Debug;
		};
		C67361F9250ED877003BB122 /* Release */ = {
			isa = XCBuildConfiguration;
			buildSettings = {
				CODE_SIGN_STYLE = Automatic;
				COMBINE_HIDPI_IMAGES = YES;
				CURRENT_PROJECT_VERSION = 1;
				DEFINES_MODULE = YES;
				DYLIB_COMPATIBILITY_VERSION = 1;
				DYLIB_CURRENT_VERSION = 1;
				DYLIB_INSTALL_NAME_BASE = "@rpath";
				INFOPLIST_FILE = Data/Info.plist;
				INSTALL_PATH = "$(LOCAL_LIBRARY_DIR)/Frameworks";
				IPHONEOS_DEPLOYMENT_TARGET = 9.3;
				LD_RUNPATH_SEARCH_PATHS = (
					"$(inherited)",
					"@executable_path/../Frameworks",
					"@loader_path/Frameworks",
				);
				MACOSX_DEPLOYMENT_TARGET = 10.15;
				PRODUCT_BUNDLE_IDENTIFIER = com.mithdev.Data;
				PRODUCT_NAME = "$(TARGET_NAME:c99extidentifier)";
				SDKROOT = iphoneos;
				SKIP_INSTALL = YES;
				SWIFT_VERSION = 5.0;
				TARGETED_DEVICE_FAMILY = "1,2";
				VERSIONING_SYSTEM = "apple-generic";
				VERSION_INFO_PREFIX = "";
			};
			name = Release;
		};
		C67361FB250ED877003BB122 /* Debug */ = {
			isa = XCBuildConfiguration;
			buildSettings = {
				ALWAYS_EMBED_SWIFT_STANDARD_LIBRARIES = YES;
				"CODE_SIGN_IDENTITY[sdk=macosx*]" = "-";
				CODE_SIGN_STYLE = Automatic;
				COMBINE_HIDPI_IMAGES = YES;
				INFOPLIST_FILE = DataTests/Info.plist;
				LD_RUNPATH_SEARCH_PATHS = (
					"$(inherited)",
					"@executable_path/../Frameworks",
					"@loader_path/../Frameworks",
				);
				MACOSX_DEPLOYMENT_TARGET = 10.15;
				PRODUCT_BUNDLE_IDENTIFIER = com.mithdev.DataTests;
				PRODUCT_NAME = "$(TARGET_NAME)";
				SDKROOT = iphoneos;
				SWIFT_VERSION = 5.0;
			};
			name = Debug;
		};
		C67361FC250ED877003BB122 /* Release */ = {
			isa = XCBuildConfiguration;
			buildSettings = {
				ALWAYS_EMBED_SWIFT_STANDARD_LIBRARIES = YES;
				"CODE_SIGN_IDENTITY[sdk=macosx*]" = "-";
				CODE_SIGN_STYLE = Automatic;
				COMBINE_HIDPI_IMAGES = YES;
				INFOPLIST_FILE = DataTests/Info.plist;
				LD_RUNPATH_SEARCH_PATHS = (
					"$(inherited)",
					"@executable_path/../Frameworks",
					"@loader_path/../Frameworks",
				);
				MACOSX_DEPLOYMENT_TARGET = 10.15;
				PRODUCT_BUNDLE_IDENTIFIER = com.mithdev.DataTests;
				PRODUCT_NAME = "$(TARGET_NAME)";
				SDKROOT = iphoneos;
				SWIFT_VERSION = 5.0;
			};
			name = Release;
		};
		C673622B250EE07E003BB122 /* Debug */ = {
			isa = XCBuildConfiguration;
			buildSettings = {
				CODE_SIGN_STYLE = Automatic;
				COMBINE_HIDPI_IMAGES = YES;
				CURRENT_PROJECT_VERSION = 1;
				DEFINES_MODULE = YES;
				DYLIB_COMPATIBILITY_VERSION = 1;
				DYLIB_CURRENT_VERSION = 1;
				DYLIB_INSTALL_NAME_BASE = "@rpath";
				INFOPLIST_FILE = Infra/Info.plist;
				INSTALL_PATH = "$(LOCAL_LIBRARY_DIR)/Frameworks";
				IPHONEOS_DEPLOYMENT_TARGET = 9.3;
				LD_RUNPATH_SEARCH_PATHS = (
					"$(inherited)",
					"@executable_path/../Frameworks",
					"@loader_path/Frameworks",
				);
				MACOSX_DEPLOYMENT_TARGET = 10.15;
				PRODUCT_BUNDLE_IDENTIFIER = com.mithdev.Infra;
				PRODUCT_NAME = "$(TARGET_NAME:c99extidentifier)";
				SDKROOT = iphoneos;
				SKIP_INSTALL = YES;
				SWIFT_VERSION = 5.0;
				VERSIONING_SYSTEM = "apple-generic";
				VERSION_INFO_PREFIX = "";
			};
			name = Debug;
		};
		C673622C250EE07E003BB122 /* Release */ = {
			isa = XCBuildConfiguration;
			buildSettings = {
				CODE_SIGN_STYLE = Automatic;
				COMBINE_HIDPI_IMAGES = YES;
				CURRENT_PROJECT_VERSION = 1;
				DEFINES_MODULE = YES;
				DYLIB_COMPATIBILITY_VERSION = 1;
				DYLIB_CURRENT_VERSION = 1;
				DYLIB_INSTALL_NAME_BASE = "@rpath";
				INFOPLIST_FILE = Infra/Info.plist;
				INSTALL_PATH = "$(LOCAL_LIBRARY_DIR)/Frameworks";
				IPHONEOS_DEPLOYMENT_TARGET = 9.3;
				LD_RUNPATH_SEARCH_PATHS = (
					"$(inherited)",
					"@executable_path/../Frameworks",
					"@loader_path/Frameworks",
				);
				MACOSX_DEPLOYMENT_TARGET = 10.15;
				PRODUCT_BUNDLE_IDENTIFIER = com.mithdev.Infra;
				PRODUCT_NAME = "$(TARGET_NAME:c99extidentifier)";
				SDKROOT = iphoneos;
				SKIP_INSTALL = YES;
				SWIFT_VERSION = 5.0;
				VERSIONING_SYSTEM = "apple-generic";
				VERSION_INFO_PREFIX = "";
			};
			name = Release;
		};
		C673622E250EE07E003BB122 /* Debug */ = {
			isa = XCBuildConfiguration;
			buildSettings = {
				ALWAYS_EMBED_SWIFT_STANDARD_LIBRARIES = YES;
				"CODE_SIGN_IDENTITY[sdk=macosx*]" = "-";
				CODE_SIGN_STYLE = Automatic;
				COMBINE_HIDPI_IMAGES = YES;
				INFOPLIST_FILE = InfraTests/Info.plist;
				LD_RUNPATH_SEARCH_PATHS = (
					"$(inherited)",
					"@executable_path/../Frameworks",
					"@loader_path/../Frameworks",
				);
				MACOSX_DEPLOYMENT_TARGET = 10.15;
				PRODUCT_BUNDLE_IDENTIFIER = com.mithdev.InfraTests;
				PRODUCT_NAME = "$(TARGET_NAME)";
				SDKROOT = iphoneos;
				SWIFT_VERSION = 5.0;
			};
			name = Debug;
		};
		C673622F250EE07E003BB122 /* Release */ = {
			isa = XCBuildConfiguration;
			buildSettings = {
				ALWAYS_EMBED_SWIFT_STANDARD_LIBRARIES = YES;
				"CODE_SIGN_IDENTITY[sdk=macosx*]" = "-";
				CODE_SIGN_STYLE = Automatic;
				COMBINE_HIDPI_IMAGES = YES;
				INFOPLIST_FILE = InfraTests/Info.plist;
				LD_RUNPATH_SEARCH_PATHS = (
					"$(inherited)",
					"@executable_path/../Frameworks",
					"@loader_path/../Frameworks",
				);
				MACOSX_DEPLOYMENT_TARGET = 10.15;
				PRODUCT_BUNDLE_IDENTIFIER = com.mithdev.InfraTests;
				PRODUCT_NAME = "$(TARGET_NAME)";
				SDKROOT = iphoneos;
				SWIFT_VERSION = 5.0;
			};
			name = Release;
		};
		C673624B250EEEBD003BB122 /* Debug */ = {
			isa = XCBuildConfiguration;
			buildSettings = {
				CODE_SIGN_STYLE = Automatic;
				COMBINE_HIDPI_IMAGES = YES;
				CURRENT_PROJECT_VERSION = 1;
				DEFINES_MODULE = YES;
				DYLIB_COMPATIBILITY_VERSION = 1;
				DYLIB_CURRENT_VERSION = 1;
				DYLIB_INSTALL_NAME_BASE = "@rpath";
				INFOPLIST_FILE = Domain/Info.plist;
				INSTALL_PATH = "$(LOCAL_LIBRARY_DIR)/Frameworks";
				IPHONEOS_DEPLOYMENT_TARGET = 9.3;
				LD_RUNPATH_SEARCH_PATHS = (
					"$(inherited)",
					"@executable_path/../Frameworks",
					"@loader_path/Frameworks",
				);
				MACOSX_DEPLOYMENT_TARGET = 10.15;
				PRODUCT_BUNDLE_IDENTIFIER = com.mithdev.Domain;
				PRODUCT_NAME = "$(TARGET_NAME:c99extidentifier)";
				SDKROOT = iphoneos;
				SKIP_INSTALL = YES;
				SWIFT_VERSION = 5.0;
				VERSIONING_SYSTEM = "apple-generic";
				VERSION_INFO_PREFIX = "";
			};
			name = Debug;
		};
		C673624C250EEEBD003BB122 /* Release */ = {
			isa = XCBuildConfiguration;
			buildSettings = {
				CODE_SIGN_STYLE = Automatic;
				COMBINE_HIDPI_IMAGES = YES;
				CURRENT_PROJECT_VERSION = 1;
				DEFINES_MODULE = YES;
				DYLIB_COMPATIBILITY_VERSION = 1;
				DYLIB_CURRENT_VERSION = 1;
				DYLIB_INSTALL_NAME_BASE = "@rpath";
				INFOPLIST_FILE = Domain/Info.plist;
				INSTALL_PATH = "$(LOCAL_LIBRARY_DIR)/Frameworks";
				IPHONEOS_DEPLOYMENT_TARGET = 9.3;
				LD_RUNPATH_SEARCH_PATHS = (
					"$(inherited)",
					"@executable_path/../Frameworks",
					"@loader_path/Frameworks",
				);
				MACOSX_DEPLOYMENT_TARGET = 10.15;
				PRODUCT_BUNDLE_IDENTIFIER = com.mithdev.Domain;
				PRODUCT_NAME = "$(TARGET_NAME:c99extidentifier)";
				SDKROOT = iphoneos;
				SKIP_INSTALL = YES;
				SWIFT_VERSION = 5.0;
				VERSIONING_SYSTEM = "apple-generic";
				VERSION_INFO_PREFIX = "";
			};
			name = Release;
		};
/* End XCBuildConfiguration section */

/* Begin XCConfigurationList section */
		C658C1B1250D59E600FC54D1 /* Build configuration list for PBXProject "Pokedex_Matheus" */ = {
			isa = XCConfigurationList;
			buildConfigurations = (
				C658C1D3250D59E700FC54D1 /* Debug */,
				C658C1D4250D59E700FC54D1 /* Release */,
			);
			defaultConfigurationIsVisible = 0;
			defaultConfigurationName = Release;
		};
		C658C1D5250D59E700FC54D1 /* Build configuration list for PBXNativeTarget "Pokedex_Matheus" */ = {
			isa = XCConfigurationList;
			buildConfigurations = (
				C658C1D6250D59E700FC54D1 /* Debug */,
				C658C1D7250D59E700FC54D1 /* Release */,
			);
			defaultConfigurationIsVisible = 0;
			defaultConfigurationName = Release;
		};
		C658C1D8250D59E700FC54D1 /* Build configuration list for PBXNativeTarget "Pokedex_MatheusTests" */ = {
			isa = XCConfigurationList;
			buildConfigurations = (
				C658C1D9250D59E700FC54D1 /* Debug */,
				C658C1DA250D59E700FC54D1 /* Release */,
			);
			defaultConfigurationIsVisible = 0;
			defaultConfigurationName = Release;
		};
		C67361F7250ED877003BB122 /* Build configuration list for PBXNativeTarget "Data" */ = {
			isa = XCConfigurationList;
			buildConfigurations = (
				C67361F8250ED877003BB122 /* Debug */,
				C67361F9250ED877003BB122 /* Release */,
			);
			defaultConfigurationIsVisible = 0;
			defaultConfigurationName = Release;
		};
		C67361FA250ED877003BB122 /* Build configuration list for PBXNativeTarget "DataTests" */ = {
			isa = XCConfigurationList;
			buildConfigurations = (
				C67361FB250ED877003BB122 /* Debug */,
				C67361FC250ED877003BB122 /* Release */,
			);
			defaultConfigurationIsVisible = 0;
			defaultConfigurationName = Release;
		};
		C673622A250EE07E003BB122 /* Build configuration list for PBXNativeTarget "Infra" */ = {
			isa = XCConfigurationList;
			buildConfigurations = (
				C673622B250EE07E003BB122 /* Debug */,
				C673622C250EE07E003BB122 /* Release */,
			);
			defaultConfigurationIsVisible = 0;
			defaultConfigurationName = Release;
		};
		C673622D250EE07E003BB122 /* Build configuration list for PBXNativeTarget "InfraTests" */ = {
			isa = XCConfigurationList;
			buildConfigurations = (
				C673622E250EE07E003BB122 /* Debug */,
				C673622F250EE07E003BB122 /* Release */,
			);
			defaultConfigurationIsVisible = 0;
			defaultConfigurationName = Release;
		};
		C673624A250EEEBD003BB122 /* Build configuration list for PBXNativeTarget "Domain" */ = {
			isa = XCConfigurationList;
			buildConfigurations = (
				C673624B250EEEBD003BB122 /* Debug */,
				C673624C250EEEBD003BB122 /* Release */,
			);
			defaultConfigurationIsVisible = 0;
			defaultConfigurationName = Release;
		};
/* End XCConfigurationList section */

/* Begin XCRemoteSwiftPackageReference section */
		C679BD75250E89E20095EA89 /* XCRemoteSwiftPackageReference "SnapKit" */ = {
			isa = XCRemoteSwiftPackageReference;
			repositoryURL = "https://github.com/SnapKit/SnapKit.git";
			requirement = {
				kind = exactVersion;
				version = 4.0.1;
			};
		};
		C6ECAA1625104E04008F561C /* XCRemoteSwiftPackageReference "SDWebImage" */ = {
			isa = XCRemoteSwiftPackageReference;
			repositoryURL = "https://github.com/SDWebImage/SDWebImage.git";
			requirement = {
				kind = upToNextMajorVersion;
				minimumVersion = 5.9.1;
			};
		};
/* End XCRemoteSwiftPackageReference section */

/* Begin XCSwiftPackageProductDependency section */
		C679BD76250E89E20095EA89 /* SnapKit */ = {
			isa = XCSwiftPackageProductDependency;
			package = C679BD75250E89E20095EA89 /* XCRemoteSwiftPackageReference "SnapKit" */;
			productName = SnapKit;
		};
		C6ECAA1725104E04008F561C /* SDWebImage */ = {
			isa = XCSwiftPackageProductDependency;
			package = C6ECAA1625104E04008F561C /* XCRemoteSwiftPackageReference "SDWebImage" */;
			productName = SDWebImage;
		};
/* End XCSwiftPackageProductDependency section */
	};
	rootObject = C658C1AE250D59E600FC54D1 /* Project object */;
}
